
Microsoft Visual Studio Solution File, Format Version 12.00
# Visual Studio Version 17
VisualStudioVersion = 17.3.32525.520
MinimumVisualStudioVersion = 10.0.40219.1
Project("{9A19103F-16F7-4668-BE54-9A1E7A4F7556}") = "WebApplication226", "WebApplication226\WebApplication226.csproj", "{C3830BF5-CB07-41C9-8ECE-1AE7CD42E69D}"
EndProject
Project("{2150E333-8FDC-42A3-9474-1A3956D46DE8}") = "Workflows", "Workflows", "{AF35F7CA-8886-4887-BE10-9BAA543BB4A7}"
	ProjectSection(SolutionItems) = preProject
		.github\workflows\build-65c0f.yaml = .github\workflows\build-65c0f.yaml
	EndProjectSection
EndProject
Global
	GlobalSection(SolutionConfigurationPlatforms) = preSolution
		Debug|Any CPU = Debug|Any CPU
		Release|Any CPU = Release|Any CPU
	EndGlobalSection
	GlobalSection(ProjectConfigurationPlatforms) = postSolution
		{C3830BF5-CB07-41C9-8ECE-1AE7CD42E69D}.Debug|Any CPU.ActiveCfg = Debug|Any CPU
		{C3830BF5-CB07-41C9-8ECE-1AE7CD42E69D}.Debug|Any CPU.Build.0 = Debug|Any CPU
		{C3830BF5-CB07-41C9-8ECE-1AE7CD42E69D}.Release|Any CPU.ActiveCfg = Release|Any CPU
		{C3830BF5-CB07-41C9-8ECE-1AE7CD42E69D}.Release|Any CPU.Build.0 = Release|Any CPU
	EndGlobalSection
	GlobalSection(SolutionProperties) = preSolution
		HideSolutionNode = FALSE
	EndGlobalSection
	GlobalSection(ExtensibilityGlobals) = postSolution
		SolutionGuid = {0D36B4FF-9AEC-4AA8-A5EC-AC124A19E4BC}
	EndGlobalSection
EndGlobal
